
Microsoft Visual Studio Solution File, Format Version 12.00
# Visual Studio Version 16
VisualStudioVersion = 16.0.30804.86
MinimumVisualStudioVersion = 10.0.40219.1
Project("{FAE04EC0-301F-11D3-BF4B-00C04F79EFBC}") = "Crud operation", "Crud operation\Crud operation.csproj", "{8BE9D506-FBBA-4161-8332-15B8A58C6F7B}"
EndProject
Global
	GlobalSection(SolutionConfigurationPlatforms) = preSolution
		Debug|Any CPU = Debug|Any CPU
		Release|Any CPU = Release|Any CPU
	EndGlobalSection
	GlobalSection(ProjectConfigurationPlatforms) = postSolution
		{8BE9D506-FBBA-4161-8332-15B8A58C6F7B}.Debug|Any CPU.ActiveCfg = Debug|Any CPU
		{8BE9D506-FBBA-4161-8332-15B8A58C6F7B}.Debug|Any CPU.Build.0 = Debug|Any CPU
		{8BE9D506-FBBA-4161-8332-15B8A58C6F7B}.Release|Any CPU.ActiveCfg = Release|Any CPU
		{8BE9D506-FBBA-4161-8332-15B8A58C6F7B}.Release|Any CPU.Build.0 = Release|Any CPU
	EndGlobalSection
	GlobalSection(SolutionProperties) = preSolution
		HideSolutionNode = FALSE
	EndGlobalSection
	GlobalSection(ExtensibilityGlobals) = postSolution
		SolutionGuid = {FBFECA3F-DEA9-4728-8B07-26EC67E28F8F}
	EndGlobalSection
EndGlobal
